{
  "name": "@cotarr/collab-iot-client-token",
  "version": "1.0.1",
  "lockfileVersion": 3,
  "requires": true,
  "packages": {
    "": {
      "name": "@cotarr/collab-iot-client-token",
      "version": "1.0.1",
      "license": "MIT",
      "devDependencies": {},
      "engines": {
        "node": ">=18"
      }
    }
  }
}
